// !$*UTF8*$!
{
	archiveVersion = 1;
	classes = {
	};
	objectVersion = 54;
	objects = {

/* Begin PBXBuildFile section */
		00E356F31AD99517003FC87E /* PetAnalystTests.m in Sources */ = {isa = PBXBuildFile; fileRef = 00E356F21AD99517003FC87E /* PetAnalystTests.m */; };
		0C80B921A6F3F58F76C31292 /* libPods-PetAnalyst.a in Frameworks */ = {isa = PBXBuildFile; fileRef = 5DCACB8F33CDC322A6C60F78 /* libPods-PetAnalyst.a */; };
		13B07FBC1A68108700A75B9A /* AppDelegate.mm in Sources */ = {isa = PBXBuildFile; fileRef = 13B07FB01A68108700A75B9A /* AppDelegate.mm */; };
		13B07FBF1A68108700A75B9A /* Images.xcassets in Resources */ = {isa = PBXBuildFile; fileRef = 13B07FB51A68108700A75B9A /* Images.xcassets */; };
		13B07FC11A68108700A75B9A /* main.m in Sources */ = {isa = PBXBuildFile; fileRef = 13B07FB71A68108700A75B9A /* main.m */; };
		7699B88040F8A987B510C191 /* libPods-PetAnalyst-PetAnalystTests.a in Frameworks */ = {isa = PBXBuildFile; fileRef = 19F6CBCC0A4E27FBF8BF4A61 /* libPods-PetAnalyst-PetAnalystTests.a */; };
		81AB9BB82411601600AC10FF /* LaunchScreen.storyboard in Resources */ = {isa = PBXBuildFile; fileRef = 81AB9BB72411601600AC10FF /* LaunchScreen.storyboard */; };
		6E781F7E0DC34CCCAB65C060 /* ArialRoundedMTBold.ttf in Resources */ = {isa = PBXBuildFile; fileRef = 3FD67EEFDCA94AC59112C33E /* ArialRoundedMTBold.ttf */; };
		9BE82C4760BE4B62BDCC3760 /* CerebriSansPro-Bold.ttf in Resources */ = {isa = PBXBuildFile; fileRef = 3426806F5122471F80DAEAED /* CerebriSansPro-Bold.ttf */; };
		27FDF116D1744148911E84C6 /* CerebriSansPro-BoldItalic.ttf in Resources */ = {isa = PBXBuildFile; fileRef = 06D8E716AD884F8A81A64E88 /* CerebriSansPro-BoldItalic.ttf */; };
		06DFCF61ECCD495F908D1BAF /* CerebriSansPro-Italic.ttf in Resources */ = {isa = PBXBuildFile; fileRef = A1927F4E3BC847DDB9D595FE /* CerebriSansPro-Italic.ttf */; };
		3E3DF6326D154680B6015C51 /* CerebriSansPro-Medium.ttf in Resources */ = {isa = PBXBuildFile; fileRef = 9E6CC9CACA19495AA6C834AA /* CerebriSansPro-Medium.ttf */; };
		7A563BEC551B4011A2429356 /* CerebriSansPro-Regular.ttf in Resources */ = {isa = PBXBuildFile; fileRef = 23902EB88EB64EA4A71E6678 /* CerebriSansPro-Regular.ttf */; };
		B1599547393248A0ABB78CD1 /* CerebriSansPro-SemiBold.ttf in Resources */ = {isa = PBXBuildFile; fileRef = 944F2F8F8D8C4778B1447BCC /* CerebriSansPro-SemiBold.ttf */; };
		A61A8C6D20C54CC1A50D6413 /* icomoon.ttf in Resources */ = {isa = PBXBuildFile; fileRef = E103BCE9C68A4FA5B6941567 /* icomoon.ttf */; };
		A25AFA0E751F46E89F39FE70 /* Montserrat-Black.ttf in Resources */ = {isa = PBXBuildFile; fileRef = D1865D50F1974A47B737D7B5 /* Montserrat-Black.ttf */; };
		CB8FEC3A3AE34C2B919D8DD2 /* Montserrat-BlackItalic.ttf in Resources */ = {isa = PBXBuildFile; fileRef = 9F2734F2E36843BEBD8EBE2A /* Montserrat-BlackItalic.ttf */; };
		530DB6F268C84B9AB49420D8 /* Montserrat-Bold.ttf in Resources */ = {isa = PBXBuildFile; fileRef = 8A7BB897930B4F7D85599A18 /* Montserrat-Bold.ttf */; };
		59ACD14BD40D4E39AEC50004 /* Montserrat-BoldItalic.ttf in Resources */ = {isa = PBXBuildFile; fileRef = 91DF648E42FE406986EDA485 /* Montserrat-BoldItalic.ttf */; };
		EDA13A17F6EA40E49EE66A5B /* Montserrat-ExtraBold.ttf in Resources */ = {isa = PBXBuildFile; fileRef = 760DBFF293A9439796F8DDBD /* Montserrat-ExtraBold.ttf */; };
		337D23C47FB34E22AD45E4A8 /* Montserrat-ExtraBoldItalic.ttf in Resources */ = {isa = PBXBuildFile; fileRef = B047F9E1FFED43A58EDA2295 /* Montserrat-ExtraBoldItalic.ttf */; };
		AD67DE887B544764B980EC7E /* Montserrat-ExtraLight.ttf in Resources */ = {isa = PBXBuildFile; fileRef = D345F97E54CE4C098D566A8E /* Montserrat-ExtraLight.ttf */; };
		9A462F5C818C493DA7691DBC /* Montserrat-ExtraLightItalic.ttf in Resources */ = {isa = PBXBuildFile; fileRef = AEB40F1602284C5587D16535 /* Montserrat-ExtraLightItalic.ttf */; };
		A2C8C7110E754DB4B375614F /* Montserrat-Italic.ttf in Resources */ = {isa = PBXBuildFile; fileRef = 4EDD06951E7C45EFB44E2D0C /* Montserrat-Italic.ttf */; };
		B218EF962C0D4D66BA5A1249 /* Montserrat-Light.ttf in Resources */ = {isa = PBXBuildFile; fileRef = FFD85D1B9BBD45FD9E6AD77B /* Montserrat-Light.ttf */; };
		425AC5E5E0F24345B188EC0E /* Montserrat-LightItalic.ttf in Resources */ = {isa = PBXBuildFile; fileRef = 41CEA39110224BADAFFD49BF /* Montserrat-LightItalic.ttf */; };
		F57C63FA7548443FA89AAF8C /* Montserrat-Medium.ttf in Resources */ = {isa = PBXBuildFile; fileRef = 30529E19BAF043F9962E4BD0 /* Montserrat-Medium.ttf */; };
		F07BA84C9B8A498693620EA4 /* Montserrat-MediumItalic.ttf in Resources */ = {isa = PBXBuildFile; fileRef = 92182CC82EF14A369142ABDD /* Montserrat-MediumItalic.ttf */; };
		41CB707FC4D14141A9CA0CBF /* Montserrat-Regular.ttf in Resources */ = {isa = PBXBuildFile; fileRef = E944E519D2814DF68C12259B /* Montserrat-Regular.ttf */; };
		47E7701BDE314E32ACABFBB0 /* Montserrat-SemiBold.ttf in Resources */ = {isa = PBXBuildFile; fileRef = C1BB27D8FA7144B5A65B2E1E /* Montserrat-SemiBold.ttf */; };
		3CDF2AC56D8A42A7AC00028E /* Montserrat-SemiBoldItalic.ttf in Resources */ = {isa = PBXBuildFile; fileRef = 353B779B863C4B03885BB6FE /* Montserrat-SemiBoldItalic.ttf */; };
		807A89CC2AF9426C86B127B6 /* Montserrat-Thin.ttf in Resources */ = {isa = PBXBuildFile; fileRef = B2A1A4B904DB4CEFB0949D9B /* Montserrat-Thin.ttf */; };
		E909AB1DF05849B9B984BA54 /* Montserrat-ThinItalic.ttf in Resources */ = {isa = PBXBuildFile; fileRef = 9932F197F48C4EE884EE9A6E /* Montserrat-ThinItalic.ttf */; };
/* End PBXBuildFile section */

/* Begin PBXContainerItemProxy section */
		00E356F41AD99517003FC87E /* PBXContainerItemProxy */ = {
			isa = PBXContainerItemProxy;
			containerPortal = 83CBB9F71A601CBA00E9B192 /* Project object */;
			proxyType = 1;
			remoteGlobalIDString = 13B07F861A680F5B00A75B9A;
			remoteInfo = PetAnalyst;
		};
/* End PBXContainerItemProxy section */

/* Begin PBXFileReference section */
		00E356EE1AD99517003FC87E /* PetAnalystTests.xctest */ = {isa = PBXFileReference; explicitFileType = wrapper.cfbundle; includeInIndex = 0; path = PetAnalystTests.xctest; sourceTree = BUILT_PRODUCTS_DIR; };
		00E356F11AD99517003FC87E /* Info.plist */ = {isa = PBXFileReference; lastKnownFileType = text.plist.xml; path = Info.plist; sourceTree = "<group>"; };
		00E356F21AD99517003FC87E /* PetAnalystTests.m */ = {isa = PBXFileReference; lastKnownFileType = sourcecode.c.objc; path = PetAnalystTests.m; sourceTree = "<group>"; };
		13B07F961A680F5B00A75B9A /* PetAnalyst.app */ = {isa = PBXFileReference; explicitFileType = wrapper.application; includeInIndex = 0; path = PetAnalyst.app; sourceTree = BUILT_PRODUCTS_DIR; };
		13B07FAF1A68108700A75B9A /* AppDelegate.h */ = {isa = PBXFileReference; fileEncoding = 4; lastKnownFileType = sourcecode.c.h; name = AppDelegate.h; path = PetAnalyst/AppDelegate.h; sourceTree = "<group>"; };
		13B07FB01A68108700A75B9A /* AppDelegate.mm */ = {isa = PBXFileReference; fileEncoding = 4; lastKnownFileType = sourcecode.cpp.objcpp; name = AppDelegate.mm; path = PetAnalyst/AppDelegate.mm; sourceTree = "<group>"; };
		13B07FB51A68108700A75B9A /* Images.xcassets */ = {isa = PBXFileReference; lastKnownFileType = folder.assetcatalog; name = Images.xcassets; path = PetAnalyst/Images.xcassets; sourceTree = "<group>"; };
		13B07FB61A68108700A75B9A /* Info.plist */ = {isa = PBXFileReference; fileEncoding = 4; lastKnownFileType = text.plist.xml; name = Info.plist; path = PetAnalyst/Info.plist; sourceTree = "<group>"; };
		13B07FB71A68108700A75B9A /* main.m */ = {isa = PBXFileReference; fileEncoding = 4; lastKnownFileType = sourcecode.c.objc; name = main.m; path = PetAnalyst/main.m; sourceTree = "<group>"; };
		19F6CBCC0A4E27FBF8BF4A61 /* libPods-PetAnalyst-PetAnalystTests.a */ = {isa = PBXFileReference; explicitFileType = archive.ar; includeInIndex = 0; path = "libPods-PetAnalyst-PetAnalystTests.a"; sourceTree = BUILT_PRODUCTS_DIR; };
		3B4392A12AC88292D35C810B /* Pods-PetAnalyst.debug.xcconfig */ = {isa = PBXFileReference; includeInIndex = 1; lastKnownFileType = text.xcconfig; name = "Pods-PetAnalyst.debug.xcconfig"; path = "Target Support Files/Pods-PetAnalyst/Pods-PetAnalyst.debug.xcconfig"; sourceTree = "<group>"; };
		5709B34CF0A7D63546082F79 /* Pods-PetAnalyst.release.xcconfig */ = {isa = PBXFileReference; includeInIndex = 1; lastKnownFileType = text.xcconfig; name = "Pods-PetAnalyst.release.xcconfig"; path = "Target Support Files/Pods-PetAnalyst/Pods-PetAnalyst.release.xcconfig"; sourceTree = "<group>"; };
		5B7EB9410499542E8C5724F5 /* Pods-PetAnalyst-PetAnalystTests.debug.xcconfig */ = {isa = PBXFileReference; includeInIndex = 1; lastKnownFileType = text.xcconfig; name = "Pods-PetAnalyst-PetAnalystTests.debug.xcconfig"; path = "Target Support Files/Pods-PetAnalyst-PetAnalystTests/Pods-PetAnalyst-PetAnalystTests.debug.xcconfig"; sourceTree = "<group>"; };
		5DCACB8F33CDC322A6C60F78 /* libPods-PetAnalyst.a */ = {isa = PBXFileReference; explicitFileType = archive.ar; includeInIndex = 0; path = "libPods-PetAnalyst.a"; sourceTree = BUILT_PRODUCTS_DIR; };
		81AB9BB72411601600AC10FF /* LaunchScreen.storyboard */ = {isa = PBXFileReference; fileEncoding = 4; lastKnownFileType = file.storyboard; name = LaunchScreen.storyboard; path = PetAnalyst/LaunchScreen.storyboard; sourceTree = "<group>"; };
		89C6BE57DB24E9ADA2F236DE /* Pods-PetAnalyst-PetAnalystTests.release.xcconfig */ = {isa = PBXFileReference; includeInIndex = 1; lastKnownFileType = text.xcconfig; name = "Pods-PetAnalyst-PetAnalystTests.release.xcconfig"; path = "Target Support Files/Pods-PetAnalyst-PetAnalystTests/Pods-PetAnalyst-PetAnalystTests.release.xcconfig"; sourceTree = "<group>"; };
		ED297162215061F000B7C4FE /* JavaScriptCore.framework */ = {isa = PBXFileReference; lastKnownFileType = wrapper.framework; name = JavaScriptCore.framework; path = System/Library/Frameworks/JavaScriptCore.framework; sourceTree = SDKROOT; };
		3FD67EEFDCA94AC59112C33E /* ArialRoundedMTBold.ttf */ = {isa = PBXFileReference; name = "ArialRoundedMTBold.ttf"; path = "../src/assets/fonts/ArialRoundedMTBold.ttf"; sourceTree = "<group>"; fileEncoding = undefined; lastKnownFileType = unknown; explicitFileType = undefined; includeInIndex = 0; };
		3426806F5122471F80DAEAED /* CerebriSansPro-Bold.ttf */ = {isa = PBXFileReference; name = "CerebriSansPro-Bold.ttf"; path = "../src/assets/fonts/CerebriSansPro-Bold.ttf"; sourceTree = "<group>"; fileEncoding = undefined; lastKnownFileType = unknown; explicitFileType = undefined; includeInIndex = 0; };
		06D8E716AD884F8A81A64E88 /* CerebriSansPro-BoldItalic.ttf */ = {isa = PBXFileReference; name = "CerebriSansPro-BoldItalic.ttf"; path = "../src/assets/fonts/CerebriSansPro-BoldItalic.ttf"; sourceTree = "<group>"; fileEncoding = undefined; lastKnownFileType = unknown; explicitFileType = undefined; includeInIndex = 0; };
		A1927F4E3BC847DDB9D595FE /* CerebriSansPro-Italic.ttf */ = {isa = PBXFileReference; name = "CerebriSansPro-Italic.ttf"; path = "../src/assets/fonts/CerebriSansPro-Italic.ttf"; sourceTree = "<group>"; fileEncoding = undefined; lastKnownFileType = unknown; explicitFileType = undefined; includeInIndex = 0; };
		9E6CC9CACA19495AA6C834AA /* CerebriSansPro-Medium.ttf */ = {isa = PBXFileReference; name = "CerebriSansPro-Medium.ttf"; path = "../src/assets/fonts/CerebriSansPro-Medium.ttf"; sourceTree = "<group>"; fileEncoding = undefined; lastKnownFileType = unknown; explicitFileType = undefined; includeInIndex = 0; };
		23902EB88EB64EA4A71E6678 /* CerebriSansPro-Regular.ttf */ = {isa = PBXFileReference; name = "CerebriSansPro-Regular.ttf"; path = "../src/assets/fonts/CerebriSansPro-Regular.ttf"; sourceTree = "<group>"; fileEncoding = undefined; lastKnownFileType = unknown; explicitFileType = undefined; includeInIndex = 0; };
		944F2F8F8D8C4778B1447BCC /* CerebriSansPro-SemiBold.ttf */ = {isa = PBXFileReference; name = "CerebriSansPro-SemiBold.ttf"; path = "../src/assets/fonts/CerebriSansPro-SemiBold.ttf"; sourceTree = "<group>"; fileEncoding = undefined; lastKnownFileType = unknown; explicitFileType = undefined; includeInIndex = 0; };
		E103BCE9C68A4FA5B6941567 /* icomoon.ttf */ = {isa = PBXFileReference; name = "icomoon.ttf"; path = "../src/assets/fonts/icomoon.ttf"; sourceTree = "<group>"; fileEncoding = undefined; lastKnownFileType = unknown; explicitFileType = undefined; includeInIndex = 0; };
		D1865D50F1974A47B737D7B5 /* Montserrat-Black.ttf */ = {isa = PBXFileReference; name = "Montserrat-Black.ttf"; path = "../src/assets/fonts/Montserrat-Black.ttf"; sourceTree = "<group>"; fileEncoding = undefined; lastKnownFileType = unknown; explicitFileType = undefined; includeInIndex = 0; };
		9F2734F2E36843BEBD8EBE2A /* Montserrat-BlackItalic.ttf */ = {isa = PBXFileReference; name = "Montserrat-BlackItalic.ttf"; path = "../src/assets/fonts/Montserrat-BlackItalic.ttf"; sourceTree = "<group>"; fileEncoding = undefined; lastKnownFileType = unknown; explicitFileType = undefined; includeInIndex = 0; };
		8A7BB897930B4F7D85599A18 /* Montserrat-Bold.ttf */ = {isa = PBXFileReference; name = "Montserrat-Bold.ttf"; path = "../src/assets/fonts/Montserrat-Bold.ttf"; sourceTree = "<group>"; fileEncoding = undefined; lastKnownFileType = unknown; explicitFileType = undefined; includeInIndex = 0; };
		91DF648E42FE406986EDA485 /* Montserrat-BoldItalic.ttf */ = {isa = PBXFileReference; name = "Montserrat-BoldItalic.ttf"; path = "../src/assets/fonts/Montserrat-BoldItalic.ttf"; sourceTree = "<group>"; fileEncoding = undefined; lastKnownFileType = unknown; explicitFileType = undefined; includeInIndex = 0; };
		760DBFF293A9439796F8DDBD /* Montserrat-ExtraBold.ttf */ = {isa = PBXFileReference; name = "Montserrat-ExtraBold.ttf"; path = "../src/assets/fonts/Montserrat-ExtraBold.ttf"; sourceTree = "<group>"; fileEncoding = undefined; lastKnownFileType = unknown; explicitFileType = undefined; includeInIndex = 0; };
		B047F9E1FFED43A58EDA2295 /* Montserrat-ExtraBoldItalic.ttf */ = {isa = PBXFileReference; name = "Montserrat-ExtraBoldItalic.ttf"; path = "../src/assets/fonts/Montserrat-ExtraBoldItalic.ttf"; sourceTree = "<group>"; fileEncoding = undefined; lastKnownFileType = unknown; explicitFileType = undefined; includeInIndex = 0; };
		D345F97E54CE4C098D566A8E /* Montserrat-ExtraLight.ttf */ = {isa = PBXFileReference; name = "Montserrat-ExtraLight.ttf"; path = "../src/assets/fonts/Montserrat-ExtraLight.ttf"; sourceTree = "<group>"; fileEncoding = undefined; lastKnownFileType = unknown; explicitFileType = undefined; includeInIndex = 0; };
		AEB40F1602284C5587D16535 /* Montserrat-ExtraLightItalic.ttf */ = {isa = PBXFileReference; name = "Montserrat-ExtraLightItalic.ttf"; path = "../src/assets/fonts/Montserrat-ExtraLightItalic.ttf"; sourceTree = "<group>"; fileEncoding = undefined; lastKnownFileType = unknown; explicitFileType = undefined; includeInIndex = 0; };
		4EDD06951E7C45EFB44E2D0C /* Montserrat-Italic.ttf */ = {isa = PBXFileReference; name = "Montserrat-Italic.ttf"; path = "../src/assets/fonts/Montserrat-Italic.ttf"; sourceTree = "<group>"; fileEncoding = undefined; lastKnownFileType = unknown; explicitFileType = undefined; includeInIndex = 0; };
		FFD85D1B9BBD45FD9E6AD77B /* Montserrat-Light.ttf */ = {isa = PBXFileReference; name = "Montserrat-Light.ttf"; path = "../src/assets/fonts/Montserrat-Light.ttf"; sourceTree = "<group>"; fileEncoding = undefined; lastKnownFileType = unknown; explicitFileType = undefined; includeInIndex = 0; };
		41CEA39110224BADAFFD49BF /* Montserrat-LightItalic.ttf */ = {isa = PBXFileReference; name = "Montserrat-LightItalic.ttf"; path = "../src/assets/fonts/Montserrat-LightItalic.ttf"; sourceTree = "<group>"; fileEncoding = undefined; lastKnownFileType = unknown; explicitFileType = undefined; includeInIndex = 0; };
		30529E19BAF043F9962E4BD0 /* Montserrat-Medium.ttf */ = {isa = PBXFileReference; name = "Montserrat-Medium.ttf"; path = "../src/assets/fonts/Montserrat-Medium.ttf"; sourceTree = "<group>"; fileEncoding = undefined; lastKnownFileType = unknown; explicitFileType = undefined; includeInIndex = 0; };
		92182CC82EF14A369142ABDD /* Montserrat-MediumItalic.ttf */ = {isa = PBXFileReference; name = "Montserrat-MediumItalic.ttf"; path = "../src/assets/fonts/Montserrat-MediumItalic.ttf"; sourceTree = "<group>"; fileEncoding = undefined; lastKnownFileType = unknown; explicitFileType = undefined; includeInIndex = 0; };
		E944E519D2814DF68C12259B /* Montserrat-Regular.ttf */ = {isa = PBXFileReference; name = "Montserrat-Regular.ttf"; path = "../src/assets/fonts/Montserrat-Regular.ttf"; sourceTree = "<group>"; fileEncoding = undefined; lastKnownFileType = unknown; explicitFileType = undefined; includeInIndex = 0; };
		C1BB27D8FA7144B5A65B2E1E /* Montserrat-SemiBold.ttf */ = {isa = PBXFileReference; name = "Montserrat-SemiBold.ttf"; path = "../src/assets/fonts/Montserrat-SemiBold.ttf"; sourceTree = "<group>"; fileEncoding = undefined; lastKnownFileType = unknown; explicitFileType = undefined; includeInIndex = 0; };
		353B779B863C4B03885BB6FE /* Montserrat-SemiBoldItalic.ttf */ = {isa = PBXFileReference; name = "Montserrat-SemiBoldItalic.ttf"; path = "../src/assets/fonts/Montserrat-SemiBoldItalic.ttf"; sourceTree = "<group>"; fileEncoding = undefined; lastKnownFileType = unknown; explicitFileType = undefined; includeInIndex = 0; };
		B2A1A4B904DB4CEFB0949D9B /* Montserrat-Thin.ttf */ = {isa = PBXFileReference; name = "Montserrat-Thin.ttf"; path = "../src/assets/fonts/Montserrat-Thin.ttf"; sourceTree = "<group>"; fileEncoding = undefined; lastKnownFileType = unknown; explicitFileType = undefined; includeInIndex = 0; };
		9932F197F48C4EE884EE9A6E /* Montserrat-ThinItalic.ttf */ = {isa = PBXFileReference; name = "Montserrat-ThinItalic.ttf"; path = "../src/assets/fonts/Montserrat-ThinItalic.ttf"; sourceTree = "<group>"; fileEncoding = undefined; lastKnownFileType = unknown; explicitFileType = undefined; includeInIndex = 0; };
/* End PBXFileReference section */

/* Begin PBXFrameworksBuildPhase section */
		00E356EB1AD99517003FC87E /* Frameworks */ = {
			isa = PBXFrameworksBuildPhase;
			buildActionMask = 2147483647;
			files = (
				7699B88040F8A987B510C191 /* libPods-PetAnalyst-PetAnalystTests.a in Frameworks */,
			);
			runOnlyForDeploymentPostprocessing = 0;
		};
		13B07F8C1A680F5B00A75B9A /* Frameworks */ = {
			isa = PBXFrameworksBuildPhase;
			buildActionMask = 2147483647;
			files = (
				0C80B921A6F3F58F76C31292 /* libPods-PetAnalyst.a in Frameworks */,
			);
			runOnlyForDeploymentPostprocessing = 0;
		};
/* End PBXFrameworksBuildPhase section */

/* Begin PBXGroup section */
		00E356EF1AD99517003FC87E /* PetAnalystTests */ = {
			isa = PBXGroup;
			children = (
				00E356F21AD99517003FC87E /* PetAnalystTests.m */,
				00E356F01AD99517003FC87E /* Supporting Files */,
			);
			path = PetAnalystTests;
			sourceTree = "<group>";
		};
		00E356F01AD99517003FC87E /* Supporting Files */ = {
			isa = PBXGroup;
			children = (
				00E356F11AD99517003FC87E /* Info.plist */,
			);
			name = "Supporting Files";
			sourceTree = "<group>";
		};
		13B07FAE1A68108700A75B9A /* PetAnalyst */ = {
			isa = PBXGroup;
			children = (
				13B07FAF1A68108700A75B9A /* AppDelegate.h */,
				13B07FB01A68108700A75B9A /* AppDelegate.mm */,
				13B07FB51A68108700A75B9A /* Images.xcassets */,
				13B07FB61A68108700A75B9A /* Info.plist */,
				81AB9BB72411601600AC10FF /* LaunchScreen.storyboard */,
				13B07FB71A68108700A75B9A /* main.m */,
			);
			name = PetAnalyst;
			sourceTree = "<group>";
		};
		2D16E6871FA4F8E400B85C8A /* Frameworks */ = {
			isa = PBXGroup;
			children = (
				ED297162215061F000B7C4FE /* JavaScriptCore.framework */,
				5DCACB8F33CDC322A6C60F78 /* libPods-PetAnalyst.a */,
				19F6CBCC0A4E27FBF8BF4A61 /* libPods-PetAnalyst-PetAnalystTests.a */,
			);
			name = Frameworks;
			sourceTree = "<group>";
		};
		832341AE1AAA6A7D00B99B32 /* Libraries */ = {
			isa = PBXGroup;
			children = (
			);
			name = Libraries;
			sourceTree = "<group>";
		};
		83CBB9F61A601CBA00E9B192 = {
			isa = PBXGroup;
			children = (
				13B07FAE1A68108700A75B9A /* PetAnalyst */,
				832341AE1AAA6A7D00B99B32 /* Libraries */,
				00E356EF1AD99517003FC87E /* PetAnalystTests */,
				83CBBA001A601CBA00E9B192 /* Products */,
				2D16E6871FA4F8E400B85C8A /* Frameworks */,
				BBD78D7AC51CEA395F1C20DB /* Pods */,
				3C137B9D2A844880881A0FB9 /* Resources */,
			);
			indentWidth = 2;
			sourceTree = "<group>";
			tabWidth = 2;
			usesTabs = 0;
		};
		83CBBA001A601CBA00E9B192 /* Products */ = {
			isa = PBXGroup;
			children = (
				13B07F961A680F5B00A75B9A /* PetAnalyst.app */,
				00E356EE1AD99517003FC87E /* PetAnalystTests.xctest */,
			);
			name = Products;
			sourceTree = "<group>";
		};
		BBD78D7AC51CEA395F1C20DB /* Pods */ = {
			isa = PBXGroup;
			children = (
				3B4392A12AC88292D35C810B /* Pods-PetAnalyst.debug.xcconfig */,
				5709B34CF0A7D63546082F79 /* Pods-PetAnalyst.release.xcconfig */,
				5B7EB9410499542E8C5724F5 /* Pods-PetAnalyst-PetAnalystTests.debug.xcconfig */,
				89C6BE57DB24E9ADA2F236DE /* Pods-PetAnalyst-PetAnalystTests.release.xcconfig */,
			);
			path = Pods;
			sourceTree = "<group>";
		};
		3C137B9D2A844880881A0FB9 /* Resources */ = {
			isa = "PBXGroup";
			children = (
				3FD67EEFDCA94AC59112C33E /* ArialRoundedMTBold.ttf */,
				3426806F5122471F80DAEAED /* CerebriSansPro-Bold.ttf */,
				06D8E716AD884F8A81A64E88 /* CerebriSansPro-BoldItalic.ttf */,
				A1927F4E3BC847DDB9D595FE /* CerebriSansPro-Italic.ttf */,
				9E6CC9CACA19495AA6C834AA /* CerebriSansPro-Medium.ttf */,
				23902EB88EB64EA4A71E6678 /* CerebriSansPro-Regular.ttf */,
				944F2F8F8D8C4778B1447BCC /* CerebriSansPro-SemiBold.ttf */,
				E103BCE9C68A4FA5B6941567 /* icomoon.ttf */,
				D1865D50F1974A47B737D7B5 /* Montserrat-Black.ttf */,
				9F2734F2E36843BEBD8EBE2A /* Montserrat-BlackItalic.ttf */,
				8A7BB897930B4F7D85599A18 /* Montserrat-Bold.ttf */,
				91DF648E42FE406986EDA485 /* Montserrat-BoldItalic.ttf */,
				760DBFF293A9439796F8DDBD /* Montserrat-ExtraBold.ttf */,
				B047F9E1FFED43A58EDA2295 /* Montserrat-ExtraBoldItalic.ttf */,
				D345F97E54CE4C098D566A8E /* Montserrat-ExtraLight.ttf */,
				AEB40F1602284C5587D16535 /* Montserrat-ExtraLightItalic.ttf */,
				4EDD06951E7C45EFB44E2D0C /* Montserrat-Italic.ttf */,
				FFD85D1B9BBD45FD9E6AD77B /* Montserrat-Light.ttf */,
				41CEA39110224BADAFFD49BF /* Montserrat-LightItalic.ttf */,
				30529E19BAF043F9962E4BD0 /* Montserrat-Medium.ttf */,
				92182CC82EF14A369142ABDD /* Montserrat-MediumItalic.ttf */,
				E944E519D2814DF68C12259B /* Montserrat-Regular.ttf */,
				C1BB27D8FA7144B5A65B2E1E /* Montserrat-SemiBold.ttf */,
				353B779B863C4B03885BB6FE /* Montserrat-SemiBoldItalic.ttf */,
				B2A1A4B904DB4CEFB0949D9B /* Montserrat-Thin.ttf */,
				9932F197F48C4EE884EE9A6E /* Montserrat-ThinItalic.ttf */,
			);
			name = Resources;
			sourceTree = "<group>";
			path = "";
		};
/* End PBXGroup section */

/* Begin PBXNativeTarget section */
		00E356ED1AD99517003FC87E /* PetAnalystTests */ = {
			isa = PBXNativeTarget;
			buildConfigurationList = 00E357021AD99517003FC87E /* Build configuration list for PBXNativeTarget "PetAnalystTests" */;
			buildPhases = (
				A55EABD7B0C7F3A422A6CC61 /* [CP] Check Pods Manifest.lock */,
				00E356EA1AD99517003FC87E /* Sources */,
				00E356EB1AD99517003FC87E /* Frameworks */,
				00E356EC1AD99517003FC87E /* Resources */,
				C59DA0FBD6956966B86A3779 /* [CP] Embed Pods Frameworks */,
				F6A41C54EA430FDDC6A6ED99 /* [CP] Copy Pods Resources */,
			);
			buildRules = (
			);
			dependencies = (
				00E356F51AD99517003FC87E /* PBXTargetDependency */,
			);
			name = PetAnalystTests;
			productName = PetAnalystTests;
			productReference = 00E356EE1AD99517003FC87E /* PetAnalystTests.xctest */;
			productType = "com.apple.product-type.bundle.unit-test";
		};
		13B07F861A680F5B00A75B9A /* PetAnalyst */ = {
			isa = PBXNativeTarget;
			buildConfigurationList = 13B07F931A680F5B00A75B9A /* Build configuration list for PBXNativeTarget "PetAnalyst" */;
			buildPhases = (
				C38B50BA6285516D6DCD4F65 /* [CP] Check Pods Manifest.lock */,
				FD10A7F022414F080027D42C /* Start Packager */,
				13B07F871A680F5B00A75B9A /* Sources */,
				13B07F8C1A680F5B00A75B9A /* Frameworks */,
				13B07F8E1A680F5B00A75B9A /* Resources */,
				00DD1BFF1BD5951E006B06BC /* Bundle React Native code and images */,
				00EEFC60759A1932668264C0 /* [CP] Embed Pods Frameworks */,
				E235C05ADACE081382539298 /* [CP] Copy Pods Resources */,
			);
			buildRules = (
			);
			dependencies = (
			);
			name = PetAnalyst;
			productName = PetAnalyst;
			productReference = 13B07F961A680F5B00A75B9A /* PetAnalyst.app */;
			productType = "com.apple.product-type.application";
		};
/* End PBXNativeTarget section */

/* Begin PBXProject section */
		83CBB9F71A601CBA00E9B192 /* Project object */ = {
			isa = PBXProject;
			attributes = {
				LastUpgradeCheck = 1210;
				TargetAttributes = {
					00E356ED1AD99517003FC87E = {
						CreatedOnToolsVersion = 6.2;
						TestTargetID = 13B07F861A680F5B00A75B9A;
					};
					13B07F861A680F5B00A75B9A = {
						LastSwiftMigration = 1120;
					};
				};
			};
			buildConfigurationList = 83CBB9FA1A601CBA00E9B192 /* Build configuration list for PBXProject "PetAnalyst" */;
			compatibilityVersion = "Xcode 12.0";
			developmentRegion = en;
			hasScannedForEncodings = 0;
			knownRegions = (
				en,
				Base,
			);
			mainGroup = 83CBB9F61A601CBA00E9B192;
			productRefGroup = 83CBBA001A601CBA00E9B192 /* Products */;
			projectDirPath = "";
			projectRoot = "";
			targets = (
				13B07F861A680F5B00A75B9A /* PetAnalyst */,
				00E356ED1AD99517003FC87E /* PetAnalystTests */,
			);
		};
/* End PBXProject section */

/* Begin PBXResourcesBuildPhase section */
		00E356EC1AD99517003FC87E /* Resources */ = {
			isa = PBXResourcesBuildPhase;
			buildActionMask = 2147483647;
			files = (
			);
			runOnlyForDeploymentPostprocessing = 0;
		};
		13B07F8E1A680F5B00A75B9A /* Resources */ = {
			isa = PBXResourcesBuildPhase;
			buildActionMask = 2147483647;
			files = (
				81AB9BB82411601600AC10FF /* LaunchScreen.storyboard in Resources */,
				13B07FBF1A68108700A75B9A /* Images.xcassets in Resources */,
				6E781F7E0DC34CCCAB65C060 /* ArialRoundedMTBold.ttf in Resources */,
				9BE82C4760BE4B62BDCC3760 /* CerebriSansPro-Bold.ttf in Resources */,
				27FDF116D1744148911E84C6 /* CerebriSansPro-BoldItalic.ttf in Resources */,
				06DFCF61ECCD495F908D1BAF /* CerebriSansPro-Italic.ttf in Resources */,
				3E3DF6326D154680B6015C51 /* CerebriSansPro-Medium.ttf in Resources */,
				7A563BEC551B4011A2429356 /* CerebriSansPro-Regular.ttf in Resources */,
				B1599547393248A0ABB78CD1 /* CerebriSansPro-SemiBold.ttf in Resources */,
				A61A8C6D20C54CC1A50D6413 /* icomoon.ttf in Resources */,
				A25AFA0E751F46E89F39FE70 /* Montserrat-Black.ttf in Resources */,
				CB8FEC3A3AE34C2B919D8DD2 /* Montserrat-BlackItalic.ttf in Resources */,
				530DB6F268C84B9AB49420D8 /* Montserrat-Bold.ttf in Resources */,
				59ACD14BD40D4E39AEC50004 /* Montserrat-BoldItalic.ttf in Resources */,
				EDA13A17F6EA40E49EE66A5B /* Montserrat-ExtraBold.ttf in Resources */,
				337D23C47FB34E22AD45E4A8 /* Montserrat-ExtraBoldItalic.ttf in Resources */,
				AD67DE887B544764B980EC7E /* Montserrat-ExtraLight.ttf in Resources */,
				9A462F5C818C493DA7691DBC /* Montserrat-ExtraLightItalic.ttf in Resources */,
				A2C8C7110E754DB4B375614F /* Montserrat-Italic.ttf in Resources */,
				B218EF962C0D4D66BA5A1249 /* Montserrat-Light.ttf in Resources */,
				425AC5E5E0F24345B188EC0E /* Montserrat-LightItalic.ttf in Resources */,
				F57C63FA7548443FA89AAF8C /* Montserrat-Medium.ttf in Resources */,
				F07BA84C9B8A498693620EA4 /* Montserrat-MediumItalic.ttf in Resources */,
				41CB707FC4D14141A9CA0CBF /* Montserrat-Regular.ttf in Resources */,
				47E7701BDE314E32ACABFBB0 /* Montserrat-SemiBold.ttf in Resources */,
				3CDF2AC56D8A42A7AC00028E /* Montserrat-SemiBoldItalic.ttf in Resources */,
				807A89CC2AF9426C86B127B6 /* Montserrat-Thin.ttf in Resources */,
				E909AB1DF05849B9B984BA54 /* Montserrat-ThinItalic.ttf in Resources */,
			);
			runOnlyForDeploymentPostprocessing = 0;
		};
/* End PBXResourcesBuildPhase section */

/* Begin PBXShellScriptBuildPhase section */
		00DD1BFF1BD5951E006B06BC /* Bundle React Native code and images */ = {
			isa = PBXShellScriptBuildPhase;
			buildActionMask = 2147483647;
			files = (
			);
			inputPaths = (
				"$(SRCROOT)/.xcode.env.local",
				"$(SRCROOT)/.xcode.env",
			);
			name = "Bundle React Native code and images";
			outputPaths = (
			);
			runOnlyForDeploymentPostprocessing = 0;
			shellPath = /bin/sh;
			shellScript = "set -e\n\nWITH_ENVIRONMENT=\"../node_modules/react-native/scripts/xcode/with-environment.sh\"\nREACT_NATIVE_XCODE=\"../node_modules/react-native/scripts/react-native-xcode.sh\"\n\n/bin/sh -c \"$WITH_ENVIRONMENT $REACT_NATIVE_XCODE\"\n";
		};
		00EEFC60759A1932668264C0 /* [CP] Embed Pods Frameworks */ = {
			isa = PBXShellScriptBuildPhase;
			buildActionMask = 2147483647;
			files = (
			);
			inputFileListPaths = (
				"${PODS_ROOT}/Target Support Files/Pods-PetAnalyst/Pods-PetAnalyst-frameworks-${CONFIGURATION}-input-files.xcfilelist",
			);
			name = "[CP] Embed Pods Frameworks";
			outputFileListPaths = (
				"${PODS_ROOT}/Target Support Files/Pods-PetAnalyst/Pods-PetAnalyst-frameworks-${CONFIGURATION}-output-files.xcfilelist",
			);
			runOnlyForDeploymentPostprocessing = 0;
			shellPath = /bin/sh;
			shellScript = "\"${PODS_ROOT}/Target Support Files/Pods-PetAnalyst/Pods-PetAnalyst-frameworks.sh\"\n";
			showEnvVarsInLog = 0;
		};
		A55EABD7B0C7F3A422A6CC61 /* [CP] Check Pods Manifest.lock */ = {
			isa = PBXShellScriptBuildPhase;
			buildActionMask = 2147483647;
			files = (
			);
			inputFileListPaths = (
			);
			inputPaths = (
				"${PODS_PODFILE_DIR_PATH}/Podfile.lock",
				"${PODS_ROOT}/Manifest.lock",
			);
			name = "[CP] Check Pods Manifest.lock";
			outputFileListPaths = (
			);
			outputPaths = (
				"$(DERIVED_FILE_DIR)/Pods-PetAnalyst-PetAnalystTests-checkManifestLockResult.txt",
			);
			runOnlyForDeploymentPostprocessing = 0;
			shellPath = /bin/sh;
			shellScript = "diff \"${PODS_PODFILE_DIR_PATH}/Podfile.lock\" \"${PODS_ROOT}/Manifest.lock\" > /dev/null\nif [ $? != 0 ] ; then\n    # print error to STDERR\n    echo \"error: The sandbox is not in sync with the Podfile.lock. Run 'pod install' or update your CocoaPods installation.\" >&2\n    exit 1\nfi\n# This output is used by Xcode 'outputs' to avoid re-running this script phase.\necho \"SUCCESS\" > \"${SCRIPT_OUTPUT_FILE_0}\"\n";
			showEnvVarsInLog = 0;
		};
		C38B50BA6285516D6DCD4F65 /* [CP] Check Pods Manifest.lock */ = {
			isa = PBXShellScriptBuildPhase;
			buildActionMask = 2147483647;
			files = (
			);
			inputFileListPaths = (
			);
			inputPaths = (
				"${PODS_PODFILE_DIR_PATH}/Podfile.lock",
				"${PODS_ROOT}/Manifest.lock",
			);
			name = "[CP] Check Pods Manifest.lock";
			outputFileListPaths = (
			);
			outputPaths = (
				"$(DERIVED_FILE_DIR)/Pods-PetAnalyst-checkManifestLockResult.txt",
			);
			runOnlyForDeploymentPostprocessing = 0;
			shellPath = /bin/sh;
			shellScript = "diff \"${PODS_PODFILE_DIR_PATH}/Podfile.lock\" \"${PODS_ROOT}/Manifest.lock\" > /dev/null\nif [ $? != 0 ] ; then\n    # print error to STDERR\n    echo \"error: The sandbox is not in sync with the Podfile.lock. Run 'pod install' or update your CocoaPods installation.\" >&2\n    exit 1\nfi\n# This output is used by Xcode 'outputs' to avoid re-running this script phase.\necho \"SUCCESS\" > \"${SCRIPT_OUTPUT_FILE_0}\"\n";
			showEnvVarsInLog = 0;
		};
		C59DA0FBD6956966B86A3779 /* [CP] Embed Pods Frameworks */ = {
			isa = PBXShellScriptBuildPhase;
			buildActionMask = 2147483647;
			files = (
			);
			inputFileListPaths = (
				"${PODS_ROOT}/Target Support Files/Pods-PetAnalyst-PetAnalystTests/Pods-PetAnalyst-PetAnalystTests-frameworks-${CONFIGURATION}-input-files.xcfilelist",
			);
			name = "[CP] Embed Pods Frameworks";
			outputFileListPaths = (
				"${PODS_ROOT}/Target Support Files/Pods-PetAnalyst-PetAnalystTests/Pods-PetAnalyst-PetAnalystTests-frameworks-${CONFIGURATION}-output-files.xcfilelist",
			);
			runOnlyForDeploymentPostprocessing = 0;
			shellPath = /bin/sh;
			shellScript = "\"${PODS_ROOT}/Target Support Files/Pods-PetAnalyst-PetAnalystTests/Pods-PetAnalyst-PetAnalystTests-frameworks.sh\"\n";
			showEnvVarsInLog = 0;
		};
		E235C05ADACE081382539298 /* [CP] Copy Pods Resources */ = {
			isa = PBXShellScriptBuildPhase;
			buildActionMask = 2147483647;
			files = (
			);
			inputFileListPaths = (
				"${PODS_ROOT}/Target Support Files/Pods-PetAnalyst/Pods-PetAnalyst-resources-${CONFIGURATION}-input-files.xcfilelist",
			);
			name = "[CP] Copy Pods Resources";
			outputFileListPaths = (
				"${PODS_ROOT}/Target Support Files/Pods-PetAnalyst/Pods-PetAnalyst-resources-${CONFIGURATION}-output-files.xcfilelist",
			);
			runOnlyForDeploymentPostprocessing = 0;
			shellPath = /bin/sh;
			shellScript = "\"${PODS_ROOT}/Target Support Files/Pods-PetAnalyst/Pods-PetAnalyst-resources.sh\"\n";
			showEnvVarsInLog = 0;
		};
		F6A41C54EA430FDDC6A6ED99 /* [CP] Copy Pods Resources */ = {
			isa = PBXShellScriptBuildPhase;
			buildActionMask = 2147483647;
			files = (
			);
			inputFileListPaths = (
				"${PODS_ROOT}/Target Support Files/Pods-PetAnalyst-PetAnalystTests/Pods-PetAnalyst-PetAnalystTests-resources-${CONFIGURATION}-input-files.xcfilelist",
			);
			name = "[CP] Copy Pods Resources";
			outputFileListPaths = (
				"${PODS_ROOT}/Target Support Files/Pods-PetAnalyst-PetAnalystTests/Pods-PetAnalyst-PetAnalystTests-resources-${CONFIGURATION}-output-files.xcfilelist",
			);
			runOnlyForDeploymentPostprocessing = 0;
			shellPath = /bin/sh;
			shellScript = "\"${PODS_ROOT}/Target Support Files/Pods-PetAnalyst-PetAnalystTests/Pods-PetAnalyst-PetAnalystTests-resources.sh\"\n";
			showEnvVarsInLog = 0;
		};
		FD10A7F022414F080027D42C /* Start Packager */ = {
			isa = PBXShellScriptBuildPhase;
			buildActionMask = 2147483647;
			files = (
			);
			inputFileListPaths = (
			);
			inputPaths = (
			);
			name = "Start Packager";
			outputFileListPaths = (
			);
			outputPaths = (
			);
			runOnlyForDeploymentPostprocessing = 0;
			shellPath = /bin/sh;
			shellScript = "export RCT_METRO_PORT=\"${RCT_METRO_PORT:=8081}\"\necho \"export RCT_METRO_PORT=${RCT_METRO_PORT}\" > \"${SRCROOT}/../node_modules/react-native/scripts/.packager.env\"\nif [ -z \"${RCT_NO_LAUNCH_PACKAGER+xxx}\" ] ; then\n  if nc -w 5 -z localhost ${RCT_METRO_PORT} ; then\n    if ! curl -s \"http://localhost:${RCT_METRO_PORT}/status\" | grep -q \"packager-status:running\" ; then\n      echo \"Port ${RCT_METRO_PORT} already in use, packager is either not running or not running correctly\"\n      exit 2\n    fi\n  else\n    open \"$SRCROOT/../node_modules/react-native/scripts/launchPackager.command\" || echo \"Can't start packager automatically\"\n  fi\nfi\n";
			showEnvVarsInLog = 0;
		};
/* End PBXShellScriptBuildPhase section */

/* Begin PBXSourcesBuildPhase section */
		00E356EA1AD99517003FC87E /* Sources */ = {
			isa = PBXSourcesBuildPhase;
			buildActionMask = 2147483647;
			files = (
				00E356F31AD99517003FC87E /* PetAnalystTests.m in Sources */,
			);
			runOnlyForDeploymentPostprocessing = 0;
		};
		13B07F871A680F5B00A75B9A /* Sources */ = {
			isa = PBXSourcesBuildPhase;
			buildActionMask = 2147483647;
			files = (
				13B07FBC1A68108700A75B9A /* AppDelegate.mm in Sources */,
				13B07FC11A68108700A75B9A /* main.m in Sources */,
			);
			runOnlyForDeploymentPostprocessing = 0;
		};
/* End PBXSourcesBuildPhase section */

/* Begin PBXTargetDependency section */
		00E356F51AD99517003FC87E /* PBXTargetDependency */ = {
			isa = PBXTargetDependency;
			target = 13B07F861A680F5B00A75B9A /* PetAnalyst */;
			targetProxy = 00E356F41AD99517003FC87E /* PBXContainerItemProxy */;
		};
/* End PBXTargetDependency section */

/* Begin XCBuildConfiguration section */
		00E356F61AD99517003FC87E /* Debug */ = {
			isa = XCBuildConfiguration;
			baseConfigurationReference = 5B7EB9410499542E8C5724F5 /* Pods-PetAnalyst-PetAnalystTests.debug.xcconfig */;
			buildSettings = {
				BUNDLE_LOADER = "$(TEST_HOST)";
				GCC_PREPROCESSOR_DEFINITIONS = (
					"DEBUG=1",
					"$(inherited)",
				);
				INFOPLIST_FILE = PetAnalystTests/Info.plist;
				IPHONEOS_DEPLOYMENT_TARGET = 12.4;
				LD_RUNPATH_SEARCH_PATHS = (
					"$(inherited)",
					"@executable_path/Frameworks",
					"@loader_path/Frameworks",
				);
				OTHER_LDFLAGS = (
					"-ObjC",
					"-lc++",
					"$(inherited)",
				);
				PRODUCT_BUNDLE_IDENTIFIER = "org.reactjs.native.example.$(PRODUCT_NAME:rfc1034identifier)";
				PRODUCT_NAME = "$(TARGET_NAME)";
				TEST_HOST = "$(BUILT_PRODUCTS_DIR)/PetAnalyst.app/PetAnalyst";
			};
			name = Debug;
		};
		00E356F71AD99517003FC87E /* Release */ = {
			isa = XCBuildConfiguration;
			baseConfigurationReference = 89C6BE57DB24E9ADA2F236DE /* Pods-PetAnalyst-PetAnalystTests.release.xcconfig */;
			buildSettings = {
				BUNDLE_LOADER = "$(TEST_HOST)";
				COPY_PHASE_STRIP = NO;
				INFOPLIST_FILE = PetAnalystTests/Info.plist;
				IPHONEOS_DEPLOYMENT_TARGET = 12.4;
				LD_RUNPATH_SEARCH_PATHS = (
					"$(inherited)",
					"@executable_path/Frameworks",
					"@loader_path/Frameworks",
				);
				OTHER_LDFLAGS = (
					"-ObjC",
					"-lc++",
					"$(inherited)",
				);
				PRODUCT_BUNDLE_IDENTIFIER = "org.reactjs.native.example.$(PRODUCT_NAME:rfc1034identifier)";
				PRODUCT_NAME = "$(TARGET_NAME)";
				TEST_HOST = "$(BUILT_PRODUCTS_DIR)/PetAnalyst.app/PetAnalyst";
			};
			name = Release;
		};
		13B07F941A680F5B00A75B9A /* Debug */ = {
			isa = XCBuildConfiguration;
			baseConfigurationReference = 3B4392A12AC88292D35C810B /* Pods-PetAnalyst.debug.xcconfig */;
			buildSettings = {
				ASSETCATALOG_COMPILER_APPICON_NAME = AppIcon;
				CLANG_ENABLE_MODULES = YES;
				CURRENT_PROJECT_VERSION = 1;
				ENABLE_BITCODE = NO;
				INFOPLIST_FILE = PetAnalyst/Info.plist;
				LD_RUNPATH_SEARCH_PATHS = (
					"$(inherited)",
					"@executable_path/Frameworks",
				);
				MARKETING_VERSION = 1.0;
				OTHER_LDFLAGS = (
					"$(inherited)",
					"-ObjC",
					"-lc++",
				);
				PRODUCT_BUNDLE_IDENTIFIER = "org.reactjs.native.example.$(PRODUCT_NAME:rfc1034identifier)";
				PRODUCT_NAME = PetAnalyst;
				SWIFT_OPTIMIZATION_LEVEL = "-Onone";
				SWIFT_VERSION = 5.0;
				VERSIONING_SYSTEM = "apple-generic";
			};
			name = Debug;
		};
		13B07F951A680F5B00A75B9A /* Release */ = {
			isa = XCBuildConfiguration;
			baseConfigurationReference = 5709B34CF0A7D63546082F79 /* Pods-PetAnalyst.release.xcconfig */;
			buildSettings = {
				ASSETCATALOG_COMPILER_APPICON_NAME = AppIcon;
				CLANG_ENABLE_MODULES = YES;
				CURRENT_PROJECT_VERSION = 1;
				INFOPLIST_FILE = PetAnalyst/Info.plist;
				LD_RUNPATH_SEARCH_PATHS = (
					"$(inherited)",
					"@executable_path/Frameworks",
				);
				MARKETING_VERSION = 1.0;
				OTHER_LDFLAGS = (
					"$(inherited)",
					"-ObjC",
					"-lc++",
				);
				PRODUCT_BUNDLE_IDENTIFIER = "org.reactjs.native.example.$(PRODUCT_NAME:rfc1034identifier)";
				PRODUCT_NAME = PetAnalyst;
				SWIFT_VERSION = 5.0;
				VERSIONING_SYSTEM = "apple-generic";
			};
			name = Release;
		};
		83CBBA201A601CBA00E9B192 /* Debug */ = {
			isa = XCBuildConfiguration;
			buildSettings = {
				ALWAYS_SEARCH_USER_PATHS = NO;
				CLANG_ANALYZER_LOCALIZABILITY_NONLOCALIZED = YES;
				CLANG_CXX_LANGUAGE_STANDARD = "c++17";
				CLANG_CXX_LIBRARY = "libc++";
				CLANG_ENABLE_MODULES = YES;
				CLANG_ENABLE_OBJC_ARC = YES;
				CLANG_WARN_BLOCK_CAPTURE_AUTORELEASING = YES;
				CLANG_WARN_BOOL_CONVERSION = YES;
				CLANG_WARN_COMMA = YES;
				CLANG_WARN_CONSTANT_CONVERSION = YES;
				CLANG_WARN_DEPRECATED_OBJC_IMPLEMENTATIONS = YES;
				CLANG_WARN_DIRECT_OBJC_ISA_USAGE = YES_ERROR;
				CLANG_WARN_EMPTY_BODY = YES;
				CLANG_WARN_ENUM_CONVERSION = YES;
				CLANG_WARN_INFINITE_RECURSION = YES;
				CLANG_WARN_INT_CONVERSION = YES;
				CLANG_WARN_NON_LITERAL_NULL_CONVERSION = YES;
				CLANG_WARN_OBJC_IMPLICIT_RETAIN_SELF = YES;
				CLANG_WARN_OBJC_LITERAL_CONVERSION = YES;
				CLANG_WARN_OBJC_ROOT_CLASS = YES_ERROR;
				CLANG_WARN_QUOTED_INCLUDE_IN_FRAMEWORK_HEADER = YES;
				CLANG_WARN_RANGE_LOOP_ANALYSIS = YES;
				CLANG_WARN_STRICT_PROTOTYPES = YES;
				CLANG_WARN_SUSPICIOUS_MOVE = YES;
				CLANG_WARN_UNREACHABLE_CODE = YES;
				CLANG_WARN__DUPLICATE_METHOD_MATCH = YES;
				"CODE_SIGN_IDENTITY[sdk=iphoneos*]" = "iPhone Developer";
				COPY_PHASE_STRIP = NO;
				ENABLE_STRICT_OBJC_MSGSEND = YES;
				ENABLE_TESTABILITY = YES;
				"EXCLUDED_ARCHS[sdk=iphonesimulator*]" = "";
				GCC_C_LANGUAGE_STANDARD = gnu99;
				GCC_DYNAMIC_NO_PIC = NO;
				GCC_NO_COMMON_BLOCKS = YES;
				GCC_OPTIMIZATION_LEVEL = 0;
				GCC_PREPROCESSOR_DEFINITIONS = (
					"DEBUG=1",
					"$(inherited)",
				);
				GCC_SYMBOLS_PRIVATE_EXTERN = NO;
				GCC_WARN_64_TO_32_BIT_CONVERSION = YES;
				GCC_WARN_ABOUT_RETURN_TYPE = YES_ERROR;
				GCC_WARN_UNDECLARED_SELECTOR = YES;
				GCC_WARN_UNINITIALIZED_AUTOS = YES_AGGRESSIVE;
				GCC_WARN_UNUSED_FUNCTION = YES;
				GCC_WARN_UNUSED_VARIABLE = YES;
				IPHONEOS_DEPLOYMENT_TARGET = 12.4;
				LD_RUNPATH_SEARCH_PATHS = (
					/usr/lib/swift,
					"$(inherited)",
				);
				LIBRARY_SEARCH_PATHS = (
					"\"$(SDKROOT)/usr/lib/swift\"",
					"\"$(TOOLCHAIN_DIR)/usr/lib/swift/$(PLATFORM_NAME)\"",
					"\"$(inherited)\"",
				);
				MTL_ENABLE_DEBUG_INFO = YES;
				ONLY_ACTIVE_ARCH = YES;
				OTHER_CPLUSPLUSFLAGS = (
					"$(OTHER_CFLAGS)",
					"-DFOLLY_NO_CONFIG",
					"-DFOLLY_MOBILE=1",
					"-DFOLLY_USE_LIBCPP=1",
				);
				SDKROOT = iphoneos;
			};
			name = Debug;
		};
		83CBBA211A601CBA00E9B192 /* Release */ = {
			isa = XCBuildConfiguration;
			buildSettings = {
				ALWAYS_SEARCH_USER_PATHS = NO;
				CLANG_ANALYZER_LOCALIZABILITY_NONLOCALIZED = YES;
				CLANG_CXX_LANGUAGE_STANDARD = "c++17";
				CLANG_CXX_LIBRARY = "libc++";
				CLANG_ENABLE_MODULES = YES;
				CLANG_ENABLE_OBJC_ARC = YES;
				CLANG_WARN_BLOCK_CAPTURE_AUTORELEASING = YES;
				CLANG_WARN_BOOL_CONVERSION = YES;
				CLANG_WARN_COMMA = YES;
				CLANG_WARN_CONSTANT_CONVERSION = YES;
				CLANG_WARN_DEPRECATED_OBJC_IMPLEMENTATIONS = YES;
				CLANG_WARN_DIRECT_OBJC_ISA_USAGE = YES_ERROR;
				CLANG_WARN_EMPTY_BODY = YES;
				CLANG_WARN_ENUM_CONVERSION = YES;
				CLANG_WARN_INFINITE_RECURSION = YES;
				CLANG_WARN_INT_CONVERSION = YES;
				CLANG_WARN_NON_LITERAL_NULL_CONVERSION = YES;
				CLANG_WARN_OBJC_IMPLICIT_RETAIN_SELF = YES;
				CLANG_WARN_OBJC_LITERAL_CONVERSION = YES;
				CLANG_WARN_OBJC_ROOT_CLASS = YES_ERROR;
				CLANG_WARN_QUOTED_INCLUDE_IN_FRAMEWORK_HEADER = YES;
				CLANG_WARN_RANGE_LOOP_ANALYSIS = YES;
				CLANG_WARN_STRICT_PROTOTYPES = YES;
				CLANG_WARN_SUSPICIOUS_MOVE = YES;
				CLANG_WARN_UNREACHABLE_CODE = YES;
				CLANG_WARN__DUPLICATE_METHOD_MATCH = YES;
				"CODE_SIGN_IDENTITY[sdk=iphoneos*]" = "iPhone Developer";
				COPY_PHASE_STRIP = YES;
				ENABLE_NS_ASSERTIONS = NO;
				ENABLE_STRICT_OBJC_MSGSEND = YES;
				"EXCLUDED_ARCHS[sdk=iphonesimulator*]" = "";
				GCC_C_LANGUAGE_STANDARD = gnu99;
				GCC_NO_COMMON_BLOCKS = YES;
				GCC_WARN_64_TO_32_BIT_CONVERSION = YES;
				GCC_WARN_ABOUT_RETURN_TYPE = YES_ERROR;
				GCC_WARN_UNDECLARED_SELECTOR = YES;
				GCC_WARN_UNINITIALIZED_AUTOS = YES_AGGRESSIVE;
				GCC_WARN_UNUSED_FUNCTION = YES;
				GCC_WARN_UNUSED_VARIABLE = YES;
				IPHONEOS_DEPLOYMENT_TARGET = 12.4;
				LD_RUNPATH_SEARCH_PATHS = (
					/usr/lib/swift,
					"$(inherited)",
				);
				LIBRARY_SEARCH_PATHS = (
					"\"$(SDKROOT)/usr/lib/swift\"",
					"\"$(TOOLCHAIN_DIR)/usr/lib/swift/$(PLATFORM_NAME)\"",
					"\"$(inherited)\"",
				);
				MTL_ENABLE_DEBUG_INFO = NO;
				OTHER_CPLUSPLUSFLAGS = (
					"$(OTHER_CFLAGS)",
					"-DFOLLY_NO_CONFIG",
					"-DFOLLY_MOBILE=1",
					"-DFOLLY_USE_LIBCPP=1",
				);
				SDKROOT = iphoneos;
				VALIDATE_PRODUCT = YES;
			};
			name = Release;
		};
/* End XCBuildConfiguration section */

/* Begin XCConfigurationList section */
		00E357021AD99517003FC87E /* Build configuration list for PBXNativeTarget "PetAnalystTests" */ = {
			isa = XCConfigurationList;
			buildConfigurations = (
				00E356F61AD99517003FC87E /* Debug */,
				00E356F71AD99517003FC87E /* Release */,
			);
			defaultConfigurationIsVisible = 0;
			defaultConfigurationName = Release;
		};
		13B07F931A680F5B00A75B9A /* Build configuration list for PBXNativeTarget "PetAnalyst" */ = {
			isa = XCConfigurationList;
			buildConfigurations = (
				13B07F941A680F5B00A75B9A /* Debug */,
				13B07F951A680F5B00A75B9A /* Release */,
			);
			defaultConfigurationIsVisible = 0;
			defaultConfigurationName = Release;
		};
		83CBB9FA1A601CBA00E9B192 /* Build configuration list for PBXProject "PetAnalyst" */ = {
			isa = XCConfigurationList;
			buildConfigurations = (
				83CBBA201A601CBA00E9B192 /* Debug */,
				83CBBA211A601CBA00E9B192 /* Release */,
			);
			defaultConfigurationIsVisible = 0;
			defaultConfigurationName = Release;
		};
/* End XCConfigurationList section */
	};
	rootObject = 83CBB9F71A601CBA00E9B192 /* Project object */;
}
